
Microsoft Visual Studio Solution File, Format Version 12.00
# Visual Studio 15
Project("{FAE04EC0-301F-11D3-BF4B-00C04F79EFBC}") = "Assembly-CSharp-Editor", "Assembly-CSharp-Editor.csproj", "{1E8184D5-77A0-F912-588E-8148B093B9EA}"
EndProject
Project("{FAE04EC0-301F-11D3-BF4B-00C04F79EFBC}") = "Assembly-CSharp", "Assembly-CSharp.csproj", "{A92DE950-EB54-CB23-332D-D2B6146F59B7}"
EndProject
Global
	GlobalSection(SolutionConfigurationPlatforms) = preSolution
		Debug|Any CPU = Debug|Any CPU
		Release|Any CPU = Release|Any CPU
	EndGlobalSection
	GlobalSection(ProjectConfigurationPlatforms) = postSolution
		{1E8184D5-77A0-F912-588E-8148B093B9EA}.Debug|Any CPU.ActiveCfg = Debug|Any CPU
		{1E8184D5-77A0-F912-588E-8148B093B9EA}.Debug|Any CPU.Build.0 = Debug|Any CPU
		{1E8184D5-77A0-F912-588E-8148B093B9EA}.Release|Any CPU.ActiveCfg = Release|Any CPU
		{1E8184D5-77A0-F912-588E-8148B093B9EA}.Release|Any CPU.Build.0 = Release|Any CPU
		{A92DE950-EB54-CB23-332D-D2B6146F59B7}.Debug|Any CPU.ActiveCfg = Debug|Any CPU
		{A92DE950-EB54-CB23-332D-D2B6146F59B7}.Debug|Any CPU.Build.0 = Debug|Any CPU
		{A92DE950-EB54-CB23-332D-D2B6146F59B7}.Release|Any CPU.ActiveCfg = Release|Any CPU
		{A92DE950-EB54-CB23-332D-D2B6146F59B7}.Release|Any CPU.Build.0 = Release|Any CPU
	EndGlobalSection
	GlobalSection(SolutionProperties) = preSolution
		HideSolutionNode = FALSE
	EndGlobalSection
EndGlobal
